
Microsoft Visual Studio Solution File, Format Version 12.00
# Visual Studio Version 17
VisualStudioVersion = 17.5.002.0
MinimumVisualStudioVersion = 10.0.40219.1
Project("{9A19103F-16F7-4668-BE54-9A1E7A4F7556}") = "Asigment1", "Asigment1\Asigment1.csproj", "{D97346A1-BC03-4FD2-85C1-2438E56A2056}"
EndProject
Project("{FAE04EC0-301F-11D3-BF4B-00C04F79EFBC}") = "CategoryRazorMVC", "CategoryRazorMVC\CategoryRazorMVC.csproj", "{8CB5344B-E6A7-46F2-8922-591BFF6DBDAE}"
EndProject
Project("{FAE04EC0-301F-11D3-BF4B-00C04F79EFBC}") = "CategoryLibrary", "CategoryLibrary\CategoryLibrary.csproj", "{ADCA8E56-4B98-4C89-8BEC-6269AB25CF88}"
EndProject
Global
	GlobalSection(SolutionConfigurationPlatforms) = preSolution
		Debug|Any CPU = Debug|Any CPU
		Release|Any CPU = Release|Any CPU
	EndGlobalSection
	GlobalSection(ProjectConfigurationPlatforms) = postSolution
		{D97346A1-BC03-4FD2-85C1-2438E56A2056}.Debug|Any CPU.ActiveCfg = Debug|Any CPU
		{D97346A1-BC03-4FD2-85C1-2438E56A2056}.Debug|Any CPU.Build.0 = Debug|Any CPU
		{D97346A1-BC03-4FD2-85C1-2438E56A2056}.Release|Any CPU.ActiveCfg = Release|Any CPU
		{D97346A1-BC03-4FD2-85C1-2438E56A2056}.Release|Any CPU.Build.0 = Release|Any CPU
		{8CB5344B-E6A7-46F2-8922-591BFF6DBDAE}.Debug|Any CPU.ActiveCfg = Debug|Any CPU
		{8CB5344B-E6A7-46F2-8922-591BFF6DBDAE}.Debug|Any CPU.Build.0 = Debug|Any CPU
		{8CB5344B-E6A7-46F2-8922-591BFF6DBDAE}.Release|Any CPU.ActiveCfg = Release|Any CPU
		{8CB5344B-E6A7-46F2-8922-591BFF6DBDAE}.Release|Any CPU.Build.0 = Release|Any CPU
		{ADCA8E56-4B98-4C89-8BEC-6269AB25CF88}.Debug|Any CPU.ActiveCfg = Debug|Any CPU
		{ADCA8E56-4B98-4C89-8BEC-6269AB25CF88}.Debug|Any CPU.Build.0 = Debug|Any CPU
		{ADCA8E56-4B98-4C89-8BEC-6269AB25CF88}.Release|Any CPU.ActiveCfg = Release|Any CPU
		{ADCA8E56-4B98-4C89-8BEC-6269AB25CF88}.Release|Any CPU.Build.0 = Release|Any CPU
	EndGlobalSection
	GlobalSection(SolutionProperties) = preSolution
		HideSolutionNode = FALSE
	EndGlobalSection
	GlobalSection(ExtensibilityGlobals) = postSolution
		SolutionGuid = {98C34F4B-A7B8-4270-8F1B-4EFE65C986C5}
	EndGlobalSection
EndGlobal
